// !$*UTF8*$!
{
	archiveVersion = 1;
	classes = {
	};
	objectVersion = 77;
	objects = {

/* Begin PBXContainerItemProxy section */
		DB0458C02F3A7C5F00F85A2D /* PBXContainerItemProxy */ = {
			isa = PBXContainerItemProxy;
			containerPortal = DB0458A72F3A7C5D00F85A2D /* Project object */;
			proxyType = 1;
			remoteGlobalIDString = DB0458AE2F3A7C5D00F85A2D;
			remoteInfo = KeepOrCut;
		};
		DB0458CA2F3A7C5F00F85A2D /* PBXContainerItemProxy */ = {
			isa = PBXContainerItemProxy;
			containerPortal = DB0458A72F3A7C5D00F85A2D /* Project object */;
			proxyType = 1;
			remoteGlobalIDString = DB0458AE2F3A7C5D00F85A2D;
			remoteInfo = KeepOrCut;
		};
/* End PBXContainerItemProxy section */

/* Begin PBXFileReference section */
		DB0458AF2F3A7C5D00F85A2D /* KeepOrCut.app */ = {isa = PBXFileReference; explicitFileType = wrapper.application; includeInIndex = 0; path = KeepOrCut.app; sourceTree = BUILT_PRODUCTS_DIR; };
		DB0458BF2F3A7C5F00F85A2D /* KeepOrCutTests.xctest */ = {isa = PBXFileReference; explicitFileType = wrapper.cfbundle; includeInIndex = 0; path = KeepOrCutTests.xctest; sourceTree = BUILT_PRODUCTS_DIR; };
		DB0458C92F3A7C5F00F85A2D /* KeepOrCutUITests.xctest */ = {isa = PBXFileReference; explicitFileType = wrapper.cfbundle; includeInIndex = 0; path = KeepOrCutUITests.xctest; sourceTree = BUILT_PRODUCTS_DIR; };
/* End PBXFileReference section */

/* Begin PBXFileSystemSynchronizedRootGroup section */
		DB0458B12F3A7C5D00F85A2D /* KeepOrCut */ = {
			isa = PBXFileSystemSynchronizedRootGroup;
			path = KeepOrCut;
			sourceTree = "<group>";
		};
		DB0458C22F3A7C5F00F85A2D /* KeepOrCutTests */ = {
			isa = PBXFileSystemSynchronizedRootGroup;
			path = KeepOrCutTests;
			sourceTree = "<group>";
		};
		DB0458CC2F3A7C5F00F85A2D /* KeepOrCutUITests */ = {
			isa = PBXFileSystemSynchronizedRootGroup;
			path = KeepOrCutUITests;
			sourceTree = "<group>";
		};
/* End PBXFileSystemSynchronizedRootGroup section */

/* Begin PBXFrameworksBuildPhase section */
		DB0458AC2F3A7C5D00F85A2D /* Frameworks */ = {
			isa = PBXFrameworksBuildPhase;
			buildActionMask = 2147483647;
			files = (
			);
			runOnlyForDeploymentPostprocessing = 0;
		};
		DB0458BC2F3A7C5F00F85A2D /* Frameworks */ = {
			isa = PBXFrameworksBuildPhase;
			buildActionMask = 2147483647;
			files = (
			);
			runOnlyForDeploymentPostprocessing = 0;
		};
		DB0458C62F3A7C5F00F85A2D /* Frameworks */ = {
			isa = PBXFrameworksBuildPhase;
			buildActionMask = 2147483647;
			files = (
			);
			runOnlyForDeploymentPostprocessing = 0;
		};
/* End PBXFrameworksBuildPhase section */

/* Begin PBXGroup section */
		DB0458A62F3A7C5D00F85A2D = {
			isa = PBXGroup;
			children = (
				DB0458B12F3A7C5D00F85A2D /* KeepOrCut */,
				DB0458C22F3A7C5F00F85A2D /* KeepOrCutTests */,
				DB0458CC2F3A7C5F00F85A2D /* KeepOrCutUITests */,
				DB0458B02F3A7C5D00F85A2D /* Products */,
			);
			sourceTree = "<group>";
		};
		DB0458B02F3A7C5D00F85A2D /* Products */ = {
			isa = PBXGroup;
			children = (
				DB0458AF2F3A7C5D00F85A2D /* KeepOrCut.app */,
				DB0458BF2F3A7C5F00F85A2D /* KeepOrCutTests.xctest */,
				DB0458C92F3A7C5F00F85A2D /* KeepOrCutUITests.xctest */,
			);
			name = Products;
			sourceTree = "<group>";
		};
/* End PBXGroup section */

/* Begin PBXNativeTarget section */
		DB0458AE2F3A7C5D00F85A2D /* KeepOrCut */ = {
			isa = PBXNativeTarget;
			buildConfigurationList = DB0458D32F3A7C5F00F85A2D /* Build configuration list for PBXNativeTarget "KeepOrCut" */;
			buildPhases = (
				DB0458AB2F3A7C5D00F85A2D /* Sources */,
				DB0458AC2F3A7C5D00F85A2D /* Frameworks */,
				DB0458AD2F3A7C5D00F85A2D /* Resources */,
			);
			buildRules = (
			);
			dependencies = (
			);
			fileSystemSynchronizedGroups = (
				DB0458B12F3A7C5D00F85A2D /* KeepOrCut */,
			);
			name = KeepOrCut;
			packageProductDependencies = (
			);
			productName = KeepOrCut;
			productReference = DB0458AF2F3A7C5D00F85A2D /* KeepOrCut.app */;
			productType = "com.apple.product-type.application";
		};
		DB0458BE2F3A7C5F00F85A2D /* KeepOrCutTests */ = {
			isa = PBXNativeTarget;
			buildConfigurationList = DB0458D62F3A7C5F00F85A2D /* Build configuration list for PBXNativeTarget "KeepOrCutTests" */;
			buildPhases = (
				DB0458BB2F3A7C5F00F85A2D /* Sources */,
				DB0458BC2F3A7C5F00F85A2D /* Frameworks */,
				DB0458BD2F3A7C5F00F85A2D /* Resources */,
			);
			buildRules = (
			);
			dependencies = (
				DB0458C12F3A7C5F00F85A2D /* PBXTargetDependency */,
			);
			fileSystemSynchronizedGroups = (
				DB0458C22F3A7C5F00F85A2D /* KeepOrCutTests */,
			);
			name = KeepOrCutTests;
			packageProductDependencies = (
			);
			productName = KeepOrCutTests;
			productReference = DB0458BF2F3A7C5F00F85A2D /* KeepOrCutTests.xctest */;
			productType = "com.apple.product-type.bundle.unit-test";
		};
		DB0458C82F3A7C5F00F85A2D /* KeepOrCutUITests */ = {
			isa = PBXNativeTarget;
			buildConfigurationList = DB0458D92F3A7C5F00F85A2D /* Build configuration list for PBXNativeTarget "KeepOrCutUITests" */;
			buildPhases = (
				DB0458C52F3A7C5F00F85A2D /* Sources */,
				DB0458C62F3A7C5F00F85A2D /* Frameworks */,
				DB0458C72F3A7C5F00F85A2D /* Resources */,
			);
			buildRules = (
			);
			dependencies = (
				DB0458CB2F3A7C5F00F85A2D /* PBXTargetDependency */,
			);
			fileSystemSynchronizedGroups = (
				DB0458CC2F3A7C5F00F85A2D /* KeepOrCutUITests */,
			);
			name = KeepOrCutUITests;
			packageProductDependencies = (
			);
			productName = KeepOrCutUITests;
			productReference = DB0458C92F3A7C5F00F85A2D /* KeepOrCutUITests.xctest */;
			productType = "com.apple.product-type.bundle.ui-testing";
		};
/* End PBXNativeTarget section */

/* Begin PBXProject section */
		DB0458A72F3A7C5D00F85A2D /* Project object */ = {
			isa = PBXProject;
			attributes = {
				BuildIndependentTargetsInParallel = 1;
				LastSwiftUpdateCheck = 1620;
				LastUpgradeCheck = 1620;
				TargetAttributes = {
					DB0458AE2F3A7C5D00F85A2D = {
						CreatedOnToolsVersion = 16.2;
					};
					DB0458BE2F3A7C5F00F85A2D = {
						CreatedOnToolsVersion = 16.2;
						TestTargetID = DB0458AE2F3A7C5D00F85A2D;
					};
					DB0458C82F3A7C5F00F85A2D = {
						CreatedOnToolsVersion = 16.2;
						TestTargetID = DB0458AE2F3A7C5D00F85A2D;
					};
				};
			};
			buildConfigurationList = DB0458AA2F3A7C5D00F85A2D /* Build configuration list for PBXProject "KeepOrCut" */;
			developmentRegion = en;
			hasScannedForEncodings = 0;
			knownRegions = (
				en,
				Base,
			);
			mainGroup = DB0458A62F3A7C5D00F85A2D;
			minimizedProjectReferenceProxies = 1;
			preferredProjectObjectVersion = 77;
			productRefGroup = DB0458B02F3A7C5D00F85A2D /* Products */;
			projectDirPath = "";
			projectRoot = "";
			targets = (
				DB0458AE2F3A7C5D00F85A2D /* KeepOrCut */,
				DB0458BE2F3A7C5F00F85A2D /* KeepOrCutTests */,
				DB0458C82F3A7C5F00F85A2D /* KeepOrCutUITests */,
			);
		};
/* End PBXProject section */

/* Begin PBXResourcesBuildPhase section */
		DB0458AD2F3A7C5D00F85A2D /* Resources */ = {
			isa = PBXResourcesBuildPhase;
			buildActionMask = 2147483647;
			files = (
			);
			runOnlyForDeploymentPostprocessing = 0;
		};
		DB0458BD2F3A7C5F00F85A2D /* Resources */ = {
			isa = PBXResourcesBuildPhase;
			buildActionMask = 2147483647;
			files = (
			);
			runOnlyForDeploymentPostprocessing = 0;
		};
		DB0458C72F3A7C5F00F85A2D /* Resources */ = {
			isa = PBXResourcesBuildPhase;
			buildActionMask = 2147483647;
			files = (
			);
			runOnlyForDeploymentPostprocessing = 0;
		};
/* End PBXResourcesBuildPhase section */

/* Begin PBXSourcesBuildPhase section */
		DB0458AB2F3A7C5D00F85A2D /* Sources */ = {
			isa = PBXSourcesBuildPhase;
			buildActionMask = 2147483647;
			files = (
			);
			runOnlyForDeploymentPostprocessing = 0;
		};
		DB0458BB2F3A7C5F00F85A2D /* Sources */ = {
			isa = PBXSourcesBuildPhase;
			buildActionMask = 2147483647;
			files = (
			);
			runOnlyForDeploymentPostprocessing = 0;
		};
		DB0458C52F3A7C5F00F85A2D /* Sources */ = {
			isa = PBXSourcesBuildPhase;
			buildActionMask = 2147483647;
			files = (
			);
			runOnlyForDeploymentPostprocessing = 0;
		};
/* End PBXSourcesBuildPhase section */

/* Begin PBXTargetDependency section */
		DB0458C12F3A7C5F00F85A2D /* PBXTargetDependency */ = {
			isa = PBXTargetDependency;
			target = DB0458AE2F3A7C5D00F85A2D /* KeepOrCut */;
			targetProxy = DB0458C02F3A7C5F00F85A2D /* PBXContainerItemProxy */;
		};
		DB0458CB2F3A7C5F00F85A2D /* PBXTargetDependency */ = {
			isa = PBXTargetDependency;
			target = DB0458AE2F3A7C5D00F85A2D /* KeepOrCut */;
			targetProxy = DB0458CA2F3A7C5F00F85A2D /* PBXContainerItemProxy */;
		};
/* End PBXTargetDependency section */

/* Begin XCBuildConfiguration section */
		DB0458D12F3A7C5F00F85A2D /* Debug */ = {
			isa = XCBuildConfiguration;
			buildSettings = {
				ALWAYS_SEARCH_USER_PATHS = NO;
				ASSETCATALOG_COMPILER_GENERATE_SWIFT_ASSET_SYMBOL_EXTENSIONS = YES;
				CLANG_ANALYZER_NONNULL = YES;
				CLANG_ANALYZER_NUMBER_OBJECT_CONVERSION = YES_AGGRESSIVE;
				CLANG_CXX_LANGUAGE_STANDARD = "gnu++20";
				CLANG_ENABLE_MODULES = YES;
				CLANG_ENABLE_OBJC_ARC = YES;
				CLANG_ENABLE_OBJC_WEAK = YES;
				CLANG_WARN_BLOCK_CAPTURE_AUTORELEASING = YES;
				CLANG_WARN_BOOL_CONVERSION = YES;
				CLANG_WARN_COMMA = YES;
				CLANG_WARN_CONSTANT_CONVERSION = YES;
				CLANG_WARN_DEPRECATED_OBJC_IMPLEMENTATIONS = YES;
				CLANG_WARN_DIRECT_OBJC_ISA_USAGE = YES_ERROR;
				CLANG_WARN_DOCUMENTATION_COMMENTS = YES;
				CLANG_WARN_EMPTY_BODY = YES;
				CLANG_WARN_ENUM_CONVERSION = YES;
				CLANG_WARN_INFINITE_RECURSION = YES;
				CLANG_WARN_INT_CONVERSION = YES;
				CLANG_WARN_NON_LITERAL_NULL_CONVERSION = YES;
				CLANG_WARN_OBJC_IMPLICIT_RETAIN_SELF = YES;
				CLANG_WARN_OBJC_LITERAL_CONVERSION = YES;
				CLANG_WARN_OBJC_ROOT_CLASS = YES_ERROR;
				CLANG_WARN_QUOTED_INCLUDE_IN_FRAMEWORK_HEADER = YES;
				CLANG_WARN_RANGE_LOOP_ANALYSIS = YES;
				CLANG_WARN_STRICT_PROTOTYPES = YES;
				CLANG_WARN_SUSPICIOUS_MOVE = YES;
				CLANG_WARN_UNGUARDED_AVAILABILITY = YES_AGGRESSIVE;
				CLANG_WARN_UNREACHABLE_CODE = YES;
				CLANG_WARN__DUPLICATE_METHOD_MATCH = YES;
				COPY_PHASE_STRIP = NO;
				DEBUG_INFORMATION_FORMAT = dwarf;
				ENABLE_STRICT_OBJC_MSGSEND = YES;
				ENABLE_TESTABILITY = YES;
				ENABLE_USER_SCRIPT_SANDBOXING = YES;
				GCC_C_LANGUAGE_STANDARD = gnu17;
				GCC_DYNAMIC_NO_PIC = NO;
				GCC_NO_COMMON_BLOCKS = YES;
				GCC_OPTIMIZATION_LEVEL = 0;
				GCC_PREPROCESSOR_DEFINITIONS = (
					"DEBUG=1",
					"$(inherited)",
				);
				GCC_WARN_64_TO_32_BIT_CONVERSION = YES;
				GCC_WARN_ABOUT_RETURN_TYPE = YES_ERROR;
				GCC_WARN_UNDECLARED_SELECTOR = YES;
				GCC_WARN_UNINITIALIZED_AUTOS = YES_AGGRESSIVE;
				GCC_WARN_UNUSED_FUNCTION = YES;
				GCC_WARN_UNUSED_VARIABLE = YES;
				IPHONEOS_DEPLOYMENT_TARGET = 18.2;
				LOCALIZATION_PREFERS_STRING_CATALOGS = YES;
				MTL_ENABLE_DEBUG_INFO = INCLUDE_SOURCE;
				MTL_FAST_MATH = YES;
				ONLY_ACTIVE_ARCH = YES;
				SDKROOT = iphoneos;
				SWIFT_ACTIVE_COMPILATION_CONDITIONS = "DEBUG $(inherited)";
				SWIFT_OPTIMIZATION_LEVEL = "-Onone";
			};
			name = Debug;
		};
		DB0458D22F3A7C5F00F85A2D /* Release */ = {
			isa = XCBuildConfiguration;
			buildSettings = {
				ALWAYS_SEARCH_USER_PATHS = NO;
				ASSETCATALOG_COMPILER_GENERATE_SWIFT_ASSET_SYMBOL_EXTENSIONS = YES;
				CLANG_ANALYZER_NONNULL = YES;
				CLANG_ANALYZER_NUMBER_OBJECT_CONVERSION = YES_AGGRESSIVE;
				CLANG_CXX_LANGUAGE_STANDARD = "gnu++20";
				CLANG_ENABLE_MODULES = YES;
				CLANG_ENABLE_OBJC_ARC = YES;
				CLANG_ENABLE_OBJC_WEAK = YES;
				CLANG_WARN_BLOCK_CAPTURE_AUTORELEASING = YES;
				CLANG_WARN_BOOL_CONVERSION = YES;
				CLANG_WARN_COMMA = YES;
				CLANG_WARN_CONSTANT_CONVERSION = YES;
				CLANG_WARN_DEPRECATED_OBJC_IMPLEMENTATIONS = YES;
				CLANG_WARN_DIRECT_OBJC_ISA_USAGE = YES_ERROR;
				CLANG_WARN_DOCUMENTATION_COMMENTS = YES;
				CLANG_WARN_EMPTY_BODY = YES;
				CLANG_WARN_ENUM_CONVERSION = YES;
				CLANG_WARN_INFINITE_RECURSION = YES;
				CLANG_WARN_INT_CONVERSION = YES;
				CLANG_WARN_NON_LITERAL_NULL_CONVERSION = YES;
				CLANG_WARN_OBJC_IMPLICIT_RETAIN_SELF = YES;
				CLANG_WARN_OBJC_LITERAL_CONVERSION = YES;
				CLANG_WARN_OBJC_ROOT_CLASS = YES_ERROR;
				CLANG_WARN_QUOTED_INCLUDE_IN_FRAMEWORK_HEADER = YES;
				CLANG_WARN_RANGE_LOOP_ANALYSIS = YES;
				CLANG_WARN_STRICT_PROTOTYPES = YES;
				CLANG_WARN_SUSPICIOUS_MOVE = YES;
				CLANG_WARN_UNGUARDED_AVAILABILITY = YES_AGGRESSIVE;
				CLANG_WARN_UNREACHABLE_CODE = YES;
				CLANG_WARN__DUPLICATE_METHOD_MATCH = YES;
				COPY_PHASE_STRIP = NO;
				DEBUG_INFORMATION_FORMAT = "dwarf-with-dsym";
				ENABLE_NS_ASSERTIONS = NO;
				ENABLE_STRICT_OBJC_MSGSEND = YES;
				ENABLE_USER_SCRIPT_SANDBOXING = YES;
				GCC_C_LANGUAGE_STANDARD = gnu17;
				GCC_NO_COMMON_BLOCKS = YES;
				GCC_WARN_64_TO_32_BIT_CONVERSION = YES;
				GCC_WARN_ABOUT_RETURN_TYPE = YES_ERROR;
				GCC_WARN_UNDECLARED_SELECTOR = YES;
				GCC_WARN_UNINITIALIZED_AUTOS = YES_AGGRESSIVE;
				GCC_WARN_UNUSED_FUNCTION = YES;
				GCC_WARN_UNUSED_VARIABLE = YES;
				IPHONEOS_DEPLOYMENT_TARGET = 18.2;
				LOCALIZATION_PREFERS_STRING_CATALOGS = YES;
				MTL_ENABLE_DEBUG_INFO = NO;
				MTL_FAST_MATH = YES;
				SDKROOT = iphoneos;
				SWIFT_COMPILATION_MODE = wholemodule;
				VALIDATE_PRODUCT = YES;
			};
			name = Release;
		};
		DB0458D42F3A7C5F00F85A2D /* Debug */ = {
			isa = XCBuildConfiguration;
			buildSettings = {
				ASSETCATALOG_COMPILER_APPICON_NAME = AppIcon;
				ASSETCATALOG_COMPILER_GLOBAL_ACCENT_COLOR_NAME = AccentColor;
				CODE_SIGN_STYLE = Automatic;
				CURRENT_PROJECT_VERSION = 1;
				DEVELOPMENT_ASSET_PATHS = "\"KeepOrCut/Preview Content\"";
				ENABLE_PREVIEWS = YES;
				GENERATE_INFOPLIST_FILE = YES;
				INFOPLIST_KEY_UIApplicationSceneManifest_Generation = YES;
				INFOPLIST_KEY_UIApplicationSupportsIndirectInputEvents = YES;
				INFOPLIST_KEY_UILaunchScreen_Generation = YES;
				INFOPLIST_KEY_UISupportedInterfaceOrientations_iPad = "UIInterfaceOrientationPortrait UIInterfaceOrientationPortraitUpsideDown UIInterfaceOrientationLandscapeLeft UIInterfaceOrientationLandscapeRight";
				INFOPLIST_KEY_UISupportedInterfaceOrientations_iPhone = "UIInterfaceOrientationPortrait UIInterfaceOrientationLandscapeLeft UIInterfaceOrientationLandscapeRight";
				LD_RUNPATH_SEARCH_PATHS = (
					"$(inherited)",
					"@executable_path/Frameworks",
				);
				MARKETING_VERSION = 1.0;
				PRODUCT_BUNDLE_IDENTIFIER = test.KeepOrCut;
				PRODUCT_NAME = "$(TARGET_NAME)";
				SWIFT_EMIT_LOC_STRINGS = YES;
				SWIFT_VERSION = 5.0;
				TARGETED_DEVICE_FAMILY = "1,2";
			};
			name = Debug;
		};
		DB0458D52F3A7C5F00F85A2D /* Release */ = {
			isa = XCBuildConfiguration;
			buildSettings = {
				ASSETCATALOG_COMPILER_APPICON_NAME = AppIcon;
				ASSETCATALOG_COMPILER_GLOBAL_ACCENT_COLOR_NAME = AccentColor;
				CODE_SIGN_STYLE = Automatic;
				CURRENT_PROJECT_VERSION = 1;
				DEVELOPMENT_ASSET_PATHS = "\"KeepOrCut/Preview Content\"";
				ENABLE_PREVIEWS = YES;
				GENERATE_INFOPLIST_FILE = YES;
				INFOPLIST_KEY_UIApplicationSceneManifest_Generation = YES;
				INFOPLIST_KEY_UIApplicationSupportsIndirectInputEvents = YES;
				INFOPLIST_KEY_UILaunchScreen_Generation = YES;
				INFOPLIST_KEY_UISupportedInterfaceOrientations_iPad = "UIInterfaceOrientationPortrait UIInterfaceOrientationPortraitUpsideDown UIInterfaceOrientationLandscapeLeft UIInterfaceOrientationLandscapeRight";
				INFOPLIST_KEY_UISupportedInterfaceOrientations_iPhone = "UIInterfaceOrientationPortrait UIInterfaceOrientationLandscapeLeft UIInterfaceOrientationLandscapeRight";
				LD_RUNPATH_SEARCH_PATHS = (
					"$(inherited)",
					"@executable_path/Frameworks",
				);
				MARKETING_VERSION = 1.0;
				PRODUCT_BUNDLE_IDENTIFIER = test.KeepOrCut;
				PRODUCT_NAME = "$(TARGET_NAME)";
				SWIFT_EMIT_LOC_STRINGS = YES;
				SWIFT_VERSION = 5.0;
				TARGETED_DEVICE_FAMILY = "1,2";
			};
			name = Release;
		};
		DB0458D72F3A7C5F00F85A2D /* Debug */ = {
			isa = XCBuildConfiguration;
			buildSettings = {
				BUNDLE_LOADER = "$(TEST_HOST)";
				CODE_SIGN_STYLE = Automatic;
				CURRENT_PROJECT_VERSION = 1;
				GENERATE_INFOPLIST_FILE = YES;
				IPHONEOS_DEPLOYMENT_TARGET = 18.2;
				MARKETING_VERSION = 1.0;
				PRODUCT_BUNDLE_IDENTIFIER = test.KeepOrCutTests;
				PRODUCT_NAME = "$(TARGET_NAME)";
				SWIFT_EMIT_LOC_STRINGS = NO;
				SWIFT_VERSION = 5.0;
				TARGETED_DEVICE_FAMILY = "1,2";
				TEST_HOST = "$(BUILT_PRODUCTS_DIR)/KeepOrCut.app/$(BUNDLE_EXECUTABLE_FOLDER_PATH)/KeepOrCut";
			};
			name = Debug;
		};
		DB0458D82F3A7C5F00F85A2D /* Release */ = {
			isa = XCBuildConfiguration;
			buildSettings = {
				BUNDLE_LOADER = "$(TEST_HOST)";
				CODE_SIGN_STYLE = Automatic;
				CURRENT_PROJECT_VERSION = 1;
				GENERATE_INFOPLIST_FILE = YES;
				IPHONEOS_DEPLOYMENT_TARGET = 18.2;
				MARKETING_VERSION = 1.0;
				PRODUCT_BUNDLE_IDENTIFIER = test.KeepOrCutTests;
				PRODUCT_NAME = "$(TARGET_NAME)";
				SWIFT_EMIT_LOC_STRINGS = NO;
				SWIFT_VERSION = 5.0;
				TARGETED_DEVICE_FAMILY = "1,2";
				TEST_HOST = "$(BUILT_PRODUCTS_DIR)/KeepOrCut.app/$(BUNDLE_EXECUTABLE_FOLDER_PATH)/KeepOrCut";
			};
			name = Release;
		};
		DB0458DA2F3A7C5F00F85A2D /* Debug */ = {
			isa = XCBuildConfiguration;
			buildSettings = {
				CODE_SIGN_STYLE = Automatic;
				CURRENT_PROJECT_VERSION = 1;
				GENERATE_INFOPLIST_FILE = YES;
				MARKETING_VERSION = 1.0;
				PRODUCT_BUNDLE_IDENTIFIER = test.KeepOrCutUITests;
				PRODUCT_NAME = "$(TARGET_NAME)";
				SWIFT_EMIT_LOC_STRINGS = NO;
				SWIFT_VERSION = 5.0;
				TARGETED_DEVICE_FAMILY = "1,2";
				TEST_TARGET_NAME = KeepOrCut;
			};
			name = Debug;
		};
		DB0458DB2F3A7C5F00F85A2D /* Release */ = {
			isa = XCBuildConfiguration;
			buildSettings = {
				CODE_SIGN_STYLE = Automatic;
				CURRENT_PROJECT_VERSION = 1;
				GENERATE_INFOPLIST_FILE = YES;
				MARKETING_VERSION = 1.0;
				PRODUCT_BUNDLE_IDENTIFIER = test.KeepOrCutUITests;
				PRODUCT_NAME = "$(TARGET_NAME)";
				SWIFT_EMIT_LOC_STRINGS = NO;
				SWIFT_VERSION = 5.0;
				TARGETED_DEVICE_FAMILY = "1,2";
				TEST_TARGET_NAME = KeepOrCut;
			};
			name = Release;
		};
/* End XCBuildConfiguration section */

/* Begin XCConfigurationList section */
		DB0458AA2F3A7C5D00F85A2D /* Build configuration list for PBXProject "KeepOrCut" */ = {
			isa = XCConfigurationList;
			buildConfigurations = (
				DB0458D12F3A7C5F00F85A2D /* Debug */,
				DB0458D22F3A7C5F00F85A2D /* Release */,
			);
			defaultConfigurationIsVisible = 0;
			defaultConfigurationName = Release;
		};
		DB0458D32F3A7C5F00F85A2D /* Build configuration list for PBXNativeTarget "KeepOrCut" */ = {
			isa = XCConfigurationList;
			buildConfigurations = (
				DB0458D42F3A7C5F00F85A2D /* Debug */,
				DB0458D52F3A7C5F00F85A2D /* Release */,
			);
			defaultConfigurationIsVisible = 0;
			defaultConfigurationName = Release;
		};
		DB0458D62F3A7C5F00F85A2D /* Build configuration list for PBXNativeTarget "KeepOrCutTests" */ = {
			isa = XCConfigurationList;
			buildConfigurations = (
				DB0458D72F3A7C5F00F85A2D /* Debug */,
				DB0458D82F3A7C5F00F85A2D /* Release */,
			);
			defaultConfigurationIsVisible = 0;
			defaultConfigurationName = Release;
		};
		DB0458D92F3A7C5F00F85A2D /* Build configuration list for PBXNativeTarget "KeepOrCutUITests" */ = {
			isa = XCConfigurationList;
			buildConfigurations = (
				DB0458DA2F3A7C5F00F85A2D /* Debug */,
				DB0458DB2F3A7C5F00F85A2D /* Release */,
			);
			defaultConfigurationIsVisible = 0;
			defaultConfigurationName = Release;
		};
/* End XCConfigurationList section */
	};
	rootObject = DB0458A72F3A7C5D00F85A2D /* Project object */;
}
